
Microsoft Visual Studio Solution File, Format Version 12.00
# Visual Studio 15
VisualStudioVersion = 15.0.28307.539
MinimumVisualStudioVersion = 10.0.40219.1
Project("{FAE04EC0-301F-11D3-BF4B-00C04F79EFBC}") = "ProjectEmployee", "ProjectEmployee\ProjectEmployee.csproj", "{05CA0990-DEC3-4BA4-8238-CE2D050C5443}"
EndProject
Global
	GlobalSection(SolutionConfigurationPlatforms) = preSolution
		Debug|Any CPU = Debug|Any CPU
		Release|Any CPU = Release|Any CPU
	EndGlobalSection
	GlobalSection(ProjectConfigurationPlatforms) = postSolution
		{05CA0990-DEC3-4BA4-8238-CE2D050C5443}.Debug|Any CPU.ActiveCfg = Debug|Any CPU
		{05CA0990-DEC3-4BA4-8238-CE2D050C5443}.Debug|Any CPU.Build.0 = Debug|Any CPU
		{05CA0990-DEC3-4BA4-8238-CE2D050C5443}.Release|Any CPU.ActiveCfg = Release|Any CPU
		{05CA0990-DEC3-4BA4-8238-CE2D050C5443}.Release|Any CPU.Build.0 = Release|Any CPU
	EndGlobalSection
	GlobalSection(SolutionProperties) = preSolution
		HideSolutionNode = FALSE
	EndGlobalSection
	GlobalSection(ExtensibilityGlobals) = postSolution
		SolutionGuid = {322CB587-3090-4DD3-9F42-23C4AD7495E5}
	EndGlobalSection
EndGlobal
